// !$*UTF8*$!
{
	archiveVersion = 1;
	classes = {
	};
	objectVersion = 46;
	objects = {

/* Begin PBXBuildFile section */
		B057F0C01BABC91400613438 /* libsqlite3.0.dylib in Frameworks */ = {isa = PBXBuildFile; fileRef = B057F0BF1BABC91400613438 /* libsqlite3.0.dylib */; };
		B0C7D3701BABADB40077A3AC /* entries.db in Resources */ = {isa = PBXBuildFile; fileRef = B0C7D36D1BABADB40077A3AC /* entries.db */; };
		B0C7D3711BABADB40077A3AC /* DBManager.m in Sources */ = {isa = PBXBuildFile; fileRef = B0C7D36E1BABADB40077A3AC /* DBManager.m */; };
		B0E76BE71BA6B12700F90982 /* main.m in Sources */ = {isa = PBXBuildFile; fileRef = B0E76BE61BA6B12700F90982 /* main.m */; };
		B0E76BEA1BA6B12700F90982 /* AppDelegate.m in Sources */ = {isa = PBXBuildFile; fileRef = B0E76BE91BA6B12700F90982 /* AppDelegate.m */; };
		B0E76BED1BA6B12700F90982 /* ViewController.m in Sources */ = {isa = PBXBuildFile; fileRef = B0E76BEC1BA6B12700F90982 /* ViewController.m */; };
		B0E76BF01BA6B12700F90982 /* Main.storyboard in Resources */ = {isa = PBXBuildFile; fileRef = B0E76BEE1BA6B12700F90982 /* Main.storyboard */; };
		B0E76C011BA6B12700F90982 /* KernValleySunPhoneDirectoryTests.m in Sources */ = {isa = PBXBuildFile; fileRef = B0E76C001BA6B12700F90982 /* KernValleySunPhoneDirectoryTests.m */; };
		B0E76C0B1BA6C0E400F90982 /* CellGenerator.m in Sources */ = {isa = PBXBuildFile; fileRef = B0E76C0A1BA6C0E400F90982 /* CellGenerator.m */; };
		B0E76C101BA6CFA900F90982 /* ResultsEntries.m in Sources */ = {isa = PBXBuildFile; fileRef = B0E76C0F1BA6CFA900F90982 /* ResultsEntries.m */; };
		B0E76C121BA6D32800F90982 /* StandardEntryCell.xib in Resources */ = {isa = PBXBuildFile; fileRef = B0E76C111BA6D32800F90982 /* StandardEntryCell.xib */; };
		B0E76C151BA6D37900F90982 /* StandardEntryCell.m in Sources */ = {isa = PBXBuildFile; fileRef = B0E76C141BA6D37900F90982 /* StandardEntryCell.m */; };
		DC6D24071BAC7FEC0035651C /* Images-2.xcassets in Resources */ = {isa = PBXBuildFile; fileRef = DC6D24061BAC7FEC0035651C /* Images-2.xcassets */; };
		DC6D240B1BAC88910035651C /* background.png in Resources */ = {isa = PBXBuildFile; fileRef = DC6D240A1BAC88910035651C /* background.png */; };
		DC6D24131BAC8ECD0035651C /* AppleSDGothicNeo-ExtraBold.otf in Resources */ = {isa = PBXBuildFile; fileRef = DC6D240C1BAC8ECD0035651C /* AppleSDGothicNeo-ExtraBold.otf */; };
		DC6D24141BAC8ECD0035651C /* AppleSDGothicNeo-Heavy.otf in Resources */ = {isa = PBXBuildFile; fileRef = DC6D240D1BAC8ECD0035651C /* AppleSDGothicNeo-Heavy.otf */; };
		DC6D24151BAC8ECD0035651C /* AppleSDGothicNeo-Light.otf in Resources */ = {isa = PBXBuildFile; fileRef = DC6D240E1BAC8ECD0035651C /* AppleSDGothicNeo-Light.otf */; };
		DC6D24161BAC8ECD0035651C /* AppleSDGothicNeo-Medium.otf in Resources */ = {isa = PBXBuildFile; fileRef = DC6D240F1BAC8ECD0035651C /* AppleSDGothicNeo-Medium.otf */; };
		DC6D24171BAC8ECD0035651C /* AppleSDGothicNeo-SemiBold.otf in Resources */ = {isa = PBXBuildFile; fileRef = DC6D24101BAC8ECD0035651C /* AppleSDGothicNeo-SemiBold.otf */; };
		DC6D24181BAC8ECD0035651C /* AppleSDGothicNeo-Thin.otf in Resources */ = {isa = PBXBuildFile; fileRef = DC6D24111BAC8ECD0035651C /* AppleSDGothicNeo-Thin.otf */; };
		DC6D24191BAC8ECD0035651C /* AppleSDGothicNeo-UltraLight.otf in Resources */ = {isa = PBXBuildFile; fileRef = DC6D24121BAC8ECD0035651C /* AppleSDGothicNeo-UltraLight.otf */; };
		DC6D241B1BACAF020035651C /* ImageEntryCell.xib in Resources */ = {isa = PBXBuildFile; fileRef = DC6D241A1BACAF020035651C /* ImageEntryCell.xib */; };
		DC6D241E1BACAFBF0035651C /* ImageEntryCell.m in Sources */ = {isa = PBXBuildFile; fileRef = DC6D241D1BACAFBF0035651C /* ImageEntryCell.m */; };
		DC6D24201BACB2AE0035651C /* ready in Resources */ = {isa = PBXBuildFile; fileRef = DC6D241F1BACB2AE0035651C /* ready */; };
/* End PBXBuildFile section */

/* Begin PBXContainerItemProxy section */
		B0E76BFB1BA6B12700F90982 /* PBXContainerItemProxy */ = {
			isa = PBXContainerItemProxy;
			containerPortal = B0E76BD91BA6B12700F90982 /* Project object */;
			proxyType = 1;
			remoteGlobalIDString = B0E76BE01BA6B12700F90982;
			remoteInfo = KernValleySunPhoneDirectory;
		};
/* End PBXContainerItemProxy section */

/* Begin PBXFileReference section */
		B057F0BF1BABC91400613438 /* libsqlite3.0.dylib */ = {isa = PBXFileReference; lastKnownFileType = "compiled.mach-o.dylib"; name = libsqlite3.0.dylib; path = usr/lib/libsqlite3.0.dylib; sourceTree = SDKROOT; };
		B0C7D36D1BABADB40077A3AC /* entries.db */ = {isa = PBXFileReference; lastKnownFileType = file; path = entries.db; sourceTree = "<group>"; };
		B0C7D36E1BABADB40077A3AC /* DBManager.m */ = {isa = PBXFileReference; fileEncoding = 4; lastKnownFileType = sourcecode.c.objc; path = DBManager.m; sourceTree = "<group>"; };
		B0C7D36F1BABADB40077A3AC /* DBManager.h */ = {isa = PBXFileReference; fileEncoding = 4; lastKnownFileType = sourcecode.c.h; path = DBManager.h; sourceTree = "<group>"; };
		B0E76BE11BA6B12700F90982 /* KernValleySunPhoneDirectory.app */ = {isa = PBXFileReference; explicitFileType = wrapper.application; includeInIndex = 0; path = KernValleySunPhoneDirectory.app; sourceTree = BUILT_PRODUCTS_DIR; };
		B0E76BE51BA6B12700F90982 /* Info.plist */ = {isa = PBXFileReference; lastKnownFileType = text.plist.xml; path = Info.plist; sourceTree = "<group>"; };
		B0E76BE61BA6B12700F90982 /* main.m */ = {isa = PBXFileReference; lastKnownFileType = sourcecode.c.objc; path = main.m; sourceTree = "<group>"; };
		B0E76BE81BA6B12700F90982 /* AppDelegate.h */ = {isa = PBXFileReference; lastKnownFileType = sourcecode.c.h; path = AppDelegate.h; sourceTree = "<group>"; };
		B0E76BE91BA6B12700F90982 /* AppDelegate.m */ = {isa = PBXFileReference; lastKnownFileType = sourcecode.c.objc; path = AppDelegate.m; sourceTree = "<group>"; };
		B0E76BEB1BA6B12700F90982 /* ViewController.h */ = {isa = PBXFileReference; lastKnownFileType = sourcecode.c.h; path = ViewController.h; sourceTree = "<group>"; };
		B0E76BEC1BA6B12700F90982 /* ViewController.m */ = {isa = PBXFileReference; lastKnownFileType = sourcecode.c.objc; path = ViewController.m; sourceTree = "<group>"; };
		B0E76BEF1BA6B12700F90982 /* Base */ = {isa = PBXFileReference; lastKnownFileType = file.storyboard; name = Base; path = Base.lproj/Main.storyboard; sourceTree = "<group>"; };
		B0E76BFA1BA6B12700F90982 /* KernValleySunPhoneDirectoryTests.xctest */ = {isa = PBXFileReference; explicitFileType = wrapper.cfbundle; includeInIndex = 0; path = KernValleySunPhoneDirectoryTests.xctest; sourceTree = BUILT_PRODUCTS_DIR; };
		B0E76BFF1BA6B12700F90982 /* Info.plist */ = {isa = PBXFileReference; lastKnownFileType = text.plist.xml; path = Info.plist; sourceTree = "<group>"; };
		B0E76C001BA6B12700F90982 /* KernValleySunPhoneDirectoryTests.m */ = {isa = PBXFileReference; lastKnownFileType = sourcecode.c.objc; path = KernValleySunPhoneDirectoryTests.m; sourceTree = "<group>"; };
		B0E76C0A1BA6C0E400F90982 /* CellGenerator.m */ = {isa = PBXFileReference; fileEncoding = 4; lastKnownFileType = sourcecode.c.objc; path = CellGenerator.m; sourceTree = "<group>"; wrapsLines = 0; };
		B0E76C0C1BA6C14600F90982 /* CellGenerator.h */ = {isa = PBXFileReference; fileEncoding = 4; lastKnownFileType = sourcecode.c.h; path = CellGenerator.h; sourceTree = "<group>"; };
		B0E76C0D1BA6C1E000F90982 /* ResultsEntries.h */ = {isa = PBXFileReference; lastKnownFileType = sourcecode.c.h; path = ResultsEntries.h; sourceTree = "<group>"; };
		B0E76C0F1BA6CFA900F90982 /* ResultsEntries.m */ = {isa = PBXFileReference; fileEncoding = 4; lastKnownFileType = sourcecode.c.objc; path = ResultsEntries.m; sourceTree = "<group>"; };
		B0E76C111BA6D32800F90982 /* StandardEntryCell.xib */ = {isa = PBXFileReference; fileEncoding = 4; lastKnownFileType = file.xib; name = StandardEntryCell.xib; path = ../StandardEntryCell.xib; sourceTree = "<group>"; };
		B0E76C131BA6D37900F90982 /* StandardEntryCell.h */ = {isa = PBXFileReference; fileEncoding = 4; lastKnownFileType = sourcecode.c.h; name = StandardEntryCell.h; path = ../StandardEntryCell.h; sourceTree = "<group>"; };
		B0E76C141BA6D37900F90982 /* StandardEntryCell.m */ = {isa = PBXFileReference; fileEncoding = 4; lastKnownFileType = sourcecode.c.objc; name = StandardEntryCell.m; path = ../StandardEntryCell.m; sourceTree = "<group>"; };
		DC6D24061BAC7FEC0035651C /* Images-2.xcassets */ = {isa = PBXFileReference; lastKnownFileType = folder.assetcatalog; path = "Images-2.xcassets"; sourceTree = "<group>"; };
		DC6D240A1BAC88910035651C /* background.png */ = {isa = PBXFileReference; lastKnownFileType = image.png; path = background.png; sourceTree = "<group>"; };
		DC6D240C1BAC8ECD0035651C /* AppleSDGothicNeo-ExtraBold.otf */ = {isa = PBXFileReference; lastKnownFileType = file; path = "AppleSDGothicNeo-ExtraBold.otf"; sourceTree = "<group>"; };
		DC6D240D1BAC8ECD0035651C /* AppleSDGothicNeo-Heavy.otf */ = {isa = PBXFileReference; lastKnownFileType = file; path = "AppleSDGothicNeo-Heavy.otf"; sourceTree = "<group>"; };
		DC6D240E1BAC8ECD0035651C /* AppleSDGothicNeo-Light.otf */ = {isa = PBXFileReference; lastKnownFileType = file; path = "AppleSDGothicNeo-Light.otf"; sourceTree = "<group>"; };
		DC6D240F1BAC8ECD0035651C /* AppleSDGothicNeo-Medium.otf */ = {isa = PBXFileReference; lastKnownFileType = file; path = "AppleSDGothicNeo-Medium.otf"; sourceTree = "<group>"; };
		DC6D24101BAC8ECD0035651C /* AppleSDGothicNeo-SemiBold.otf */ = {isa = PBXFileReference; lastKnownFileType = file; path = "AppleSDGothicNeo-SemiBold.otf"; sourceTree = "<group>"; };
		DC6D24111BAC8ECD0035651C /* AppleSDGothicNeo-Thin.otf */ = {isa = PBXFileReference; lastKnownFileType = file; path = "AppleSDGothicNeo-Thin.otf"; sourceTree = "<group>"; };
		DC6D24121BAC8ECD0035651C /* AppleSDGothicNeo-UltraLight.otf */ = {isa = PBXFileReference; lastKnownFileType = file; path = "AppleSDGothicNeo-UltraLight.otf"; sourceTree = "<group>"; };
		DC6D241A1BACAF020035651C /* ImageEntryCell.xib */ = {isa = PBXFileReference; fileEncoding = 4; lastKnownFileType = file.xib; path = ImageEntryCell.xib; sourceTree = "<group>"; };
		DC6D241C1BACAFBF0035651C /* ImageEntryCell.h */ = {isa = PBXFileReference; fileEncoding = 4; lastKnownFileType = sourcecode.c.h; path = ImageEntryCell.h; sourceTree = "<group>"; };
		DC6D241D1BACAFBF0035651C /* ImageEntryCell.m */ = {isa = PBXFileReference; fileEncoding = 4; lastKnownFileType = sourcecode.c.objc; path = ImageEntryCell.m; sourceTree = "<group>"; };
		DC6D241F1BACB2AE0035651C /* ready */ = {isa = PBXFileReference; lastKnownFileType = folder; path = ready; sourceTree = "<group>"; };
/* End PBXFileReference section */

/* Begin PBXFrameworksBuildPhase section */
		B0E76BDE1BA6B12700F90982 /* Frameworks */ = {
			isa = PBXFrameworksBuildPhase;
			buildActionMask = 2147483647;
			files = (
				B057F0C01BABC91400613438 /* libsqlite3.0.dylib in Frameworks */,
			);
			runOnlyForDeploymentPostprocessing = 0;
		};
		B0E76BF71BA6B12700F90982 /* Frameworks */ = {
			isa = PBXFrameworksBuildPhase;
			buildActionMask = 2147483647;
			files = (
			);
			runOnlyForDeploymentPostprocessing = 0;
		};
/* End PBXFrameworksBuildPhase section */

/* Begin PBXGroup section */
		B0E76BD81BA6B12700F90982 = {
			isa = PBXGroup;
			children = (
				B057F0BF1BABC91400613438 /* libsqlite3.0.dylib */,
				B0E76BE31BA6B12700F90982 /* KernValleySunPhoneDirectory */,
				B0E76BFD1BA6B12700F90982 /* KernValleySunPhoneDirectoryTests */,
				B0E76BE21BA6B12700F90982 /* Products */,
			);
			sourceTree = "<group>";
		};
		B0E76BE21BA6B12700F90982 /* Products */ = {
			isa = PBXGroup;
			children = (
				B0E76BE11BA6B12700F90982 /* KernValleySunPhoneDirectory.app */,
				B0E76BFA1BA6B12700F90982 /* KernValleySunPhoneDirectoryTests.xctest */,
			);
			name = Products;
			sourceTree = "<group>";
		};
		B0E76BE31BA6B12700F90982 /* KernValleySunPhoneDirectory */ = {
			isa = PBXGroup;
			children = (
				B0E76C111BA6D32800F90982 /* StandardEntryCell.xib */,
				DC6D241A1BACAF020035651C /* ImageEntryCell.xib */,
				B0C7D36D1BABADB40077A3AC /* entries.db */,
				B0C7D36E1BABADB40077A3AC /* DBManager.m */,
				B0C7D36F1BABADB40077A3AC /* DBManager.h */,
				B0E76C131BA6D37900F90982 /* StandardEntryCell.h */,
				B0E76C141BA6D37900F90982 /* StandardEntryCell.m */,
				DC6D241C1BACAFBF0035651C /* ImageEntryCell.h */,
				DC6D241D1BACAFBF0035651C /* ImageEntryCell.m */,
				B0E76BE81BA6B12700F90982 /* AppDelegate.h */,
				B0E76BE91BA6B12700F90982 /* AppDelegate.m */,
				B0E76BEB1BA6B12700F90982 /* ViewController.h */,
				B0E76BEC1BA6B12700F90982 /* ViewController.m */,
				B0E76C0C1BA6C14600F90982 /* CellGenerator.h */,
				B0E76C0A1BA6C0E400F90982 /* CellGenerator.m */,
				B0E76C0D1BA6C1E000F90982 /* ResultsEntries.h */,
				B0E76C0F1BA6CFA900F90982 /* ResultsEntries.m */,
				DC6D240A1BAC88910035651C /* background.png */,
				B0E76BEE1BA6B12700F90982 /* Main.storyboard */,
				DC6D24061BAC7FEC0035651C /* Images-2.xcassets */,
				DC6D241F1BACB2AE0035651C /* ready */,
				B0E76BE41BA6B12700F90982 /* Supporting Files */,
			);
			path = KernValleySunPhoneDirectory;
			sourceTree = "<group>";
		};
		B0E76BE41BA6B12700F90982 /* Supporting Files */ = {
			isa = PBXGroup;
			children = (
				DC6D240C1BAC8ECD0035651C /* AppleSDGothicNeo-ExtraBold.otf */,
				DC6D240D1BAC8ECD0035651C /* AppleSDGothicNeo-Heavy.otf */,
				DC6D240E1BAC8ECD0035651C /* AppleSDGothicNeo-Light.otf */,
				DC6D240F1BAC8ECD0035651C /* AppleSDGothicNeo-Medium.otf */,
				DC6D24101BAC8ECD0035651C /* AppleSDGothicNeo-SemiBold.otf */,
				DC6D24111BAC8ECD0035651C /* AppleSDGothicNeo-Thin.otf */,
				DC6D24121BAC8ECD0035651C /* AppleSDGothicNeo-UltraLight.otf */,
				B0E76BE51BA6B12700F90982 /* Info.plist */,
				B0E76BE61BA6B12700F90982 /* main.m */,
			);
			name = "Supporting Files";
			sourceTree = "<group>";
		};
		B0E76BFD1BA6B12700F90982 /* KernValleySunPhoneDirectoryTests */ = {
			isa = PBXGroup;
			children = (
				B0E76C001BA6B12700F90982 /* KernValleySunPhoneDirectoryTests.m */,
				B0E76BFE1BA6B12700F90982 /* Supporting Files */,
			);
			path = KernValleySunPhoneDirectoryTests;
			sourceTree = "<group>";
		};
		B0E76BFE1BA6B12700F90982 /* Supporting Files */ = {
			isa = PBXGroup;
			children = (
				B0E76BFF1BA6B12700F90982 /* Info.plist */,
			);
			name = "Supporting Files";
			sourceTree = "<group>";
		};
/* End PBXGroup section */

/* Begin PBXNativeTarget section */
		B0E76BE01BA6B12700F90982 /* KernValleySunPhoneDirectory */ = {
			isa = PBXNativeTarget;
			buildConfigurationList = B0E76C041BA6B12700F90982 /* Build configuration list for PBXNativeTarget "KernValleySunPhoneDirectory" */;
			buildPhases = (
				B0E76BDD1BA6B12700F90982 /* Sources */,
				B0E76BDE1BA6B12700F90982 /* Frameworks */,
				B0E76BDF1BA6B12700F90982 /* Resources */,
			);
			buildRules = (
			);
			dependencies = (
			);
			name = KernValleySunPhoneDirectory;
			productName = KernValleySunPhoneDirectory;
			productReference = B0E76BE11BA6B12700F90982 /* KernValleySunPhoneDirectory.app */;
			productType = "com.apple.product-type.application";
		};
		B0E76BF91BA6B12700F90982 /* KernValleySunPhoneDirectoryTests */ = {
			isa = PBXNativeTarget;
			buildConfigurationList = B0E76C071BA6B12700F90982 /* Build configuration list for PBXNativeTarget "KernValleySunPhoneDirectoryTests" */;
			buildPhases = (
				B0E76BF61BA6B12700F90982 /* Sources */,
				B0E76BF71BA6B12700F90982 /* Frameworks */,
				B0E76BF81BA6B12700F90982 /* Resources */,
			);
			buildRules = (
			);
			dependencies = (
				B0E76BFC1BA6B12700F90982 /* PBXTargetDependency */,
			);
			name = KernValleySunPhoneDirectoryTests;
			productName = KernValleySunPhoneDirectoryTests;
			productReference = B0E76BFA1BA6B12700F90982 /* KernValleySunPhoneDirectoryTests.xctest */;
			productType = "com.apple.product-type.bundle.unit-test";
		};
/* End PBXNativeTarget section */

/* Begin PBXProject section */
		B0E76BD91BA6B12700F90982 /* Project object */ = {
			isa = PBXProject;
			attributes = {
				LastUpgradeCheck = 0640;
				ORGANIZATIONNAME = "Steven Mackey";
				TargetAttributes = {
					B0E76BE01BA6B12700F90982 = {
						CreatedOnToolsVersion = 6.4;
					};
					B0E76BF91BA6B12700F90982 = {
						CreatedOnToolsVersion = 6.4;
						TestTargetID = B0E76BE01BA6B12700F90982;
					};
				};
			};
			buildConfigurationList = B0E76BDC1BA6B12700F90982 /* Build configuration list for PBXProject "KernValleySunPhoneDirectory" */;
			compatibilityVersion = "Xcode 3.2";
			developmentRegion = English;
			hasScannedForEncodings = 0;
			knownRegions = (
				en,
				Base,
			);
			mainGroup = B0E76BD81BA6B12700F90982;
			productRefGroup = B0E76BE21BA6B12700F90982 /* Products */;
			projectDirPath = "";
			projectRoot = "";
			targets = (
				B0E76BE01BA6B12700F90982 /* KernValleySunPhoneDirectory */,
				B0E76BF91BA6B12700F90982 /* KernValleySunPhoneDirectoryTests */,
			);
		};
/* End PBXProject section */

/* Begin PBXResourcesBuildPhase section */
		B0E76BDF1BA6B12700F90982 /* Resources */ = {
			isa = PBXResourcesBuildPhase;
			buildActionMask = 2147483647;
			files = (
				DC6D24191BAC8ECD0035651C /* AppleSDGothicNeo-UltraLight.otf in Resources */,
				DC6D241B1BACAF020035651C /* ImageEntryCell.xib in Resources */,
				DC6D24161BAC8ECD0035651C /* AppleSDGothicNeo-Medium.otf in Resources */,
				DC6D24141BAC8ECD0035651C /* AppleSDGothicNeo-Heavy.otf in Resources */,
				B0C7D3701BABADB40077A3AC /* entries.db in Resources */,
				DC6D240B1BAC88910035651C /* background.png in Resources */,
				DC6D24131BAC8ECD0035651C /* AppleSDGothicNeo-ExtraBold.otf in Resources */,
				DC6D24181BAC8ECD0035651C /* AppleSDGothicNeo-Thin.otf in Resources */,
				B0E76BF01BA6B12700F90982 /* Main.storyboard in Resources */,
				B0E76C121BA6D32800F90982 /* StandardEntryCell.xib in Resources */,
				DC6D24071BAC7FEC0035651C /* Images-2.xcassets in Resources */,
				DC6D24151BAC8ECD0035651C /* AppleSDGothicNeo-Light.otf in Resources */,
				DC6D24201BACB2AE0035651C /* ready in Resources */,
				DC6D24171BAC8ECD0035651C /* AppleSDGothicNeo-SemiBold.otf in Resources */,
			);
			runOnlyForDeploymentPostprocessing = 0;
		};
		B0E76BF81BA6B12700F90982 /* Resources */ = {
			isa = PBXResourcesBuildPhase;
			buildActionMask = 2147483647;
			files = (
			);
			runOnlyForDeploymentPostprocessing = 0;
		};
/* End PBXResourcesBuildPhase section */

/* Begin PBXSourcesBuildPhase section */
		B0E76BDD1BA6B12700F90982 /* Sources */ = {
			isa = PBXSourcesBuildPhase;
			buildActionMask = 2147483647;
			files = (
				DC6D241E1BACAFBF0035651C /* ImageEntryCell.m in Sources */,
				B0C7D3711BABADB40077A3AC /* DBManager.m in Sources */,
				B0E76C151BA6D37900F90982 /* StandardEntryCell.m in Sources */,
				B0E76BED1BA6B12700F90982 /* ViewController.m in Sources */,
				B0E76C0B1BA6C0E400F90982 /* CellGenerator.m in Sources */,
				B0E76C101BA6CFA900F90982 /* ResultsEntries.m in Sources */,
				B0E76BEA1BA6B12700F90982 /* AppDelegate.m in Sources */,
				B0E76BE71BA6B12700F90982 /* main.m in Sources */,
			);
			runOnlyForDeploymentPostprocessing = 0;
		};
		B0E76BF61BA6B12700F90982 /* Sources */ = {
			isa = PBXSourcesBuildPhase;
			buildActionMask = 2147483647;
			files = (
				B0E76C011BA6B12700F90982 /* KernValleySunPhoneDirectoryTests.m in Sources */,
			);
			runOnlyForDeploymentPostprocessing = 0;
		};
/* End PBXSourcesBuildPhase section */

/* Begin PBXTargetDependency section */
		B0E76BFC1BA6B12700F90982 /* PBXTargetDependency */ = {
			isa = PBXTargetDependency;
			target = B0E76BE01BA6B12700F90982 /* KernValleySunPhoneDirectory */;
			targetProxy = B0E76BFB1BA6B12700F90982 /* PBXContainerItemProxy */;
		};
/* End PBXTargetDependency section */

/* Begin PBXVariantGroup section */
		B0E76BEE1BA6B12700F90982 /* Main.storyboard */ = {
			isa = PBXVariantGroup;
			children = (
				B0E76BEF1BA6B12700F90982 /* Base */,
			);
			name = Main.storyboard;
			sourceTree = "<group>";
		};
/* End PBXVariantGroup section */

/* Begin XCBuildConfiguration section */
		B0E76C021BA6B12700F90982 /* Debug */ = {
			isa = XCBuildConfiguration;
			buildSettings = {
				ALWAYS_SEARCH_USER_PATHS = NO;
				CLANG_CXX_LANGUAGE_STANDARD = "gnu++0x";
				CLANG_CXX_LIBRARY = "libc++";
				CLANG_ENABLE_MODULES = YES;
				CLANG_ENABLE_OBJC_ARC = YES;
				CLANG_WARN_BOOL_CONVERSION = YES;
				CLANG_WARN_CONSTANT_CONVERSION = YES;
				CLANG_WARN_DIRECT_OBJC_ISA_USAGE = YES_ERROR;
				CLANG_WARN_EMPTY_BODY = YES;
				CLANG_WARN_ENUM_CONVERSION = YES;
				CLANG_WARN_INT_CONVERSION = YES;
				CLANG_WARN_OBJC_ROOT_CLASS = YES_ERROR;
				CLANG_WARN_UNREACHABLE_CODE = YES;
				CLANG_WARN__DUPLICATE_METHOD_MATCH = YES;
				"CODE_SIGN_IDENTITY[sdk=iphoneos*]" = "iPhone Developer";
				COPY_PHASE_STRIP = NO;
				DEBUG_INFORMATION_FORMAT = "dwarf-with-dsym";
				ENABLE_STRICT_OBJC_MSGSEND = YES;
				GCC_C_LANGUAGE_STANDARD = gnu99;
				GCC_DYNAMIC_NO_PIC = NO;
				GCC_NO_COMMON_BLOCKS = YES;
				GCC_OPTIMIZATION_LEVEL = 0;
				GCC_PREPROCESSOR_DEFINITIONS = (
					"DEBUG=1",
					"$(inherited)",
				);
				GCC_SYMBOLS_PRIVATE_EXTERN = NO;
				GCC_WARN_64_TO_32_BIT_CONVERSION = YES;
				GCC_WARN_ABOUT_RETURN_TYPE = YES_ERROR;
				GCC_WARN_UNDECLARED_SELECTOR = YES;
				GCC_WARN_UNINITIALIZED_AUTOS = YES_AGGRESSIVE;
				GCC_WARN_UNUSED_FUNCTION = YES;
				GCC_WARN_UNUSED_VARIABLE = YES;
				IPHONEOS_DEPLOYMENT_TARGET = 8.4;
				MTL_ENABLE_DEBUG_INFO = YES;
				ONLY_ACTIVE_ARCH = YES;
				SDKROOT = iphoneos;
				TARGETED_DEVICE_FAMILY = "1,2";
			};
			name = Debug;
		};
		B0E76C031BA6B12700F90982 /* Release */ = {
			isa = XCBuildConfiguration;
			buildSettings = {
				ALWAYS_SEARCH_USER_PATHS = NO;
				CLANG_CXX_LANGUAGE_STANDARD = "gnu++0x";
				CLANG_CXX_LIBRARY = "libc++";
				CLANG_ENABLE_MODULES = YES;
				CLANG_ENABLE_OBJC_ARC = YES;
				CLANG_WARN_BOOL_CONVERSION = YES;
				CLANG_WARN_CONSTANT_CONVERSION = YES;
				CLANG_WARN_DIRECT_OBJC_ISA_USAGE = YES_ERROR;
				CLANG_WARN_EMPTY_BODY = YES;
				CLANG_WARN_ENUM_CONVERSION = YES;
				CLANG_WARN_INT_CONVERSION = YES;
				CLANG_WARN_OBJC_ROOT_CLASS = YES_ERROR;
				CLANG_WARN_UNREACHABLE_CODE = YES;
				CLANG_WARN__DUPLICATE_METHOD_MATCH = YES;
				"CODE_SIGN_IDENTITY[sdk=iphoneos*]" = "iPhone Developer";
				COPY_PHASE_STRIP = NO;
				DEBUG_INFORMATION_FORMAT = "dwarf-with-dsym";
				ENABLE_NS_ASSERTIONS = NO;
				ENABLE_STRICT_OBJC_MSGSEND = YES;
				GCC_C_LANGUAGE_STANDARD = gnu99;
				GCC_NO_COMMON_BLOCKS = YES;
				GCC_WARN_64_TO_32_BIT_CONVERSION = YES;
				GCC_WARN_ABOUT_RETURN_TYPE = YES_ERROR;
				GCC_WARN_UNDECLARED_SELECTOR = YES;
				GCC_WARN_UNINITIALIZED_AUTOS = YES_AGGRESSIVE;
				GCC_WARN_UNUSED_FUNCTION = YES;
				GCC_WARN_UNUSED_VARIABLE = YES;
				IPHONEOS_DEPLOYMENT_TARGET = 8.4;
				MTL_ENABLE_DEBUG_INFO = NO;
				SDKROOT = iphoneos;
				TARGETED_DEVICE_FAMILY = "1,2";
				VALIDATE_PRODUCT = YES;
			};
			name = Release;
		};
		B0E76C051BA6B12700F90982 /* Debug */ = {
			isa = XCBuildConfiguration;
			buildSettings = {
				ASSETCATALOG_COMPILER_APPICON_NAME = AppIcon;
				ASSETCATALOG_COMPILER_LAUNCHIMAGE_NAME = "LaunchImage-1";
				INFOPLIST_FILE = KernValleySunPhoneDirectory/Info.plist;
				LD_RUNPATH_SEARCH_PATHS = "$(inherited) @executable_path/Frameworks";
				PRODUCT_NAME = "$(TARGET_NAME)";
			};
			name = Debug;
		};
		B0E76C061BA6B12700F90982 /* Release */ = {
			isa = XCBuildConfiguration;
			buildSettings = {
				ASSETCATALOG_COMPILER_APPICON_NAME = AppIcon;
				ASSETCATALOG_COMPILER_LAUNCHIMAGE_NAME = "LaunchImage-1";
				INFOPLIST_FILE = KernValleySunPhoneDirectory/Info.plist;
				LD_RUNPATH_SEARCH_PATHS = "$(inherited) @executable_path/Frameworks";
				PRODUCT_NAME = "$(TARGET_NAME)";
			};
			name = Release;
		};
		B0E76C081BA6B12700F90982 /* Debug */ = {
			isa = XCBuildConfiguration;
			buildSettings = {
				BUNDLE_LOADER = "$(TEST_HOST)";
				FRAMEWORK_SEARCH_PATHS = (
					"$(SDKROOT)/Developer/Library/Frameworks",
					"$(inherited)",
				);
				GCC_PREPROCESSOR_DEFINITIONS = (
					"DEBUG=1",
					"$(inherited)",
				);
				INFOPLIST_FILE = KernValleySunPhoneDirectoryTests/Info.plist;
				LD_RUNPATH_SEARCH_PATHS = "$(inherited) @executable_path/Frameworks @loader_path/Frameworks";
				PRODUCT_NAME = "$(TARGET_NAME)";
				TEST_HOST = "$(BUILT_PRODUCTS_DIR)/KernValleySunPhoneDirectory.app/KernValleySunPhoneDirectory";
			};
			name = Debug;
		};
		B0E76C091BA6B12700F90982 /* Release */ = {
			isa = XCBuildConfiguration;
			buildSettings = {
				BUNDLE_LOADER = "$(TEST_HOST)";
				FRAMEWORK_SEARCH_PATHS = (
					"$(SDKROOT)/Developer/Library/Frameworks",
					"$(inherited)",
				);
				INFOPLIST_FILE = KernValleySunPhoneDirectoryTests/Info.plist;
				LD_RUNPATH_SEARCH_PATHS = "$(inherited) @executable_path/Frameworks @loader_path/Frameworks";
				PRODUCT_NAME = "$(TARGET_NAME)";
				TEST_HOST = "$(BUILT_PRODUCTS_DIR)/KernValleySunPhoneDirectory.app/KernValleySunPhoneDirectory";
			};
			name = Release;
		};
/* End XCBuildConfiguration section */

/* Begin XCConfigurationList section */
		B0E76BDC1BA6B12700F90982 /* Build configuration list for PBXProject "KernValleySunPhoneDirectory" */ = {
			isa = XCConfigurationList;
			buildConfigurations = (
				B0E76C021BA6B12700F90982 /* Debug */,
				B0E76C031BA6B12700F90982 /* Release */,
			);
			defaultConfigurationIsVisible = 0;
			defaultConfigurationName = Release;
		};
		B0E76C041BA6B12700F90982 /* Build configuration list for PBXNativeTarget "KernValleySunPhoneDirectory" */ = {
			isa = XCConfigurationList;
			buildConfigurations = (
				B0E76C051BA6B12700F90982 /* Debug */,
				B0E76C061BA6B12700F90982 /* Release */,
			);
			defaultConfigurationIsVisible = 0;
			defaultConfigurationName = Release;
		};
		B0E76C071BA6B12700F90982 /* Build configuration list for PBXNativeTarget "KernValleySunPhoneDirectoryTests" */ = {
			isa = XCConfigurationList;
			buildConfigurations = (
				B0E76C081BA6B12700F90982 /* Debug */,
				B0E76C091BA6B12700F90982 /* Release */,
			);
			defaultConfigurationIsVisible = 0;
			defaultConfigurationName = Release;
		};
/* End XCConfigurationList section */
	};
	rootObject = B0E76BD91BA6B12700F90982 /* Project object */;
}
